
Microsoft Visual Studio Solution File, Format Version 12.00
# Visual Studio 15
VisualStudioVersion = 15.0.26711.1
MinimumVisualStudioVersion = 10.0.40219.1
Project("{FAE04EC0-301F-11D3-BF4B-00C04F79EFBC}") = "EppLib", "EppLib.csproj", "{24067FC1-33F6-428B-8E0E-74601A5354EA}"
EndProject
Global
	GlobalSection(SolutionConfigurationPlatforms) = preSolution
		Debug|Any CPU = Debug|Any CPU
		Debug|Mixed Platforms = Debug|Mixed Platforms
		Debug|x86 = Debug|x86
		Release|Any CPU = Release|Any CPU
		Release|Mixed Platforms = Release|Mixed Platforms
		Release|x86 = Release|x86
	EndGlobalSection
	GlobalSection(ProjectConfigurationPlatforms) = postSolution
		{24067FC1-33F6-428B-8E0E-74601A5354EA}.Debug|Any CPU.ActiveCfg = Debug|Any CPU
		{24067FC1-33F6-428B-8E0E-74601A5354EA}.Debug|Any CPU.Build.0 = Debug|Any CPU
		{24067FC1-33F6-428B-8E0E-74601A5354EA}.Debug|Mixed Platforms.ActiveCfg = Debug|Any CPU
		{24067FC1-33F6-428B-8E0E-74601A5354EA}.Debug|Mixed Platforms.Build.0 = Debug|Any CPU
		{24067FC1-33F6-428B-8E0E-74601A5354EA}.Debug|x86.ActiveCfg = Debug|Any CPU
		{24067FC1-33F6-428B-8E0E-74601A5354EA}.Release|Any CPU.ActiveCfg = Release|Any CPU
		{24067FC1-33F6-428B-8E0E-74601A5354EA}.Release|Any CPU.Build.0 = Release|Any CPU
		{24067FC1-33F6-428B-8E0E-74601A5354EA}.Release|Mixed Platforms.ActiveCfg = Release|Any CPU
		{24067FC1-33F6-428B-8E0E-74601A5354EA}.Release|Mixed Platforms.Build.0 = Release|Any CPU
		{24067FC1-33F6-428B-8E0E-74601A5354EA}.Release|x86.ActiveCfg = Release|Any CPU
	EndGlobalSection
	GlobalSection(SolutionProperties) = preSolution
		HideSolutionNode = FALSE
	EndGlobalSection
	GlobalSection(ExtensibilityGlobals) = postSolution
		SolutionGuid = {F8C14CFD-329A-46E4-BEDA-A58D0E9573C7}
	EndGlobalSection
EndGlobal
